{
  "name": "seq-v2",
  "version": "1.0.0",
  "lockfileVersion": 1,
  "requires": true,
  "dependencies": {
    "bindings": {
      "version": "1.2.1",
      "resolved": "http://registry.npmjs.org/bindings/-/bindings-1.2.1.tgz",
      "integrity": "sha1-FK1hE4EtLTfXLme0ystLtyZQXxE="
    },
    "easy-stack": {
      "version": "1.0.0",
      "resolved": "https://registry.npmjs.org/easy-stack/-/easy-stack-1.0.0.tgz",
      "integrity": "sha1-EskbMIWjfwuqM26UhurEv5Tj54g="
    },
    "easymidi": {
      "version": "1.0.1",
      "resolved": "https://registry.npmjs.org/easymidi/-/easymidi-1.0.1.tgz",
      "integrity": "sha512-/8SUktbfK8yTngFlegFM2cfRvVKHozGHgMn+rh6PBgESEUCHqn1GmDaSshCiJ21p9KH+bpqmIoztKoLb+/1Q+A==",
      "requires": {
        "midi": "0.9.5"
      }
    },
    "event-pubsub": {
      "version": "4.3.0",
      "resolved": "https://registry.npmjs.org/event-pubsub/-/event-pubsub-4.3.0.tgz",
      "integrity": "sha512-z7IyloorXvKbFx9Bpie2+vMJKKx1fH1EN5yiTfp8CiLOTptSYy1g8H4yDpGlEdshL1PBiFtBHepF2cNsqeEeFQ=="
    },
    "js-message": {
      "version": "1.0.5",
      "resolved": "https://registry.npmjs.org/js-message/-/js-message-1.0.5.tgz",
      "integrity": "sha1-IwDSSxrwjondCVvBpMnJz8uJLRU="
    },
    "js-queue": {
      "version": "2.0.0",
      "resolved": "https://registry.npmjs.org/js-queue/-/js-queue-2.0.0.tgz",
      "integrity": "sha1-NiITz4YPRo8BJfxslqvBdCUx+Ug=",
      "requires": {
        "easy-stack": "1.0.0"
      }
    },
    "js-tokens": {
      "version": "4.0.0",
      "resolved": "https://registry.npmjs.org/js-tokens/-/js-tokens-4.0.0.tgz",
      "integrity": "sha512-RdJUflcE3cUzKiMqQgsCu06FPu9UdIJO0beYbPhHN4k6apgJtifcoCtT9bcxOpYBtpD2kCM6Sbzg4CausW/PKQ=="
    },
    "loose-envify": {
      "version": "1.4.0",
      "resolved": "https://registry.npmjs.org/loose-envify/-/loose-envify-1.4.0.tgz",
      "integrity": "sha512-lyuxPGr/Wfhrlem2CL/UcnUc1zcqKAImBDzukY7Y5F/yQiNdko6+fRLevlw1HgMySw7f611UIY408EtxRSoK3Q==",
      "requires": {
        "js-tokens": "4.0.0"
      }
    },
    "midi": {
      "version": "0.9.5",
      "resolved": "https://registry.npmjs.org/midi/-/midi-0.9.5.tgz",
      "integrity": "sha1-/DI6/z6BsNQJnK7q1TW6Z5xunYg=",
      "requires": {
        "bindings": "1.2.1",
        "nan": "2.12.1"
      }
    },
    "midi-clock": {
      "version": "0.0.1",
      "resolved": "https://registry.npmjs.org/midi-clock/-/midi-clock-0.0.1.tgz",
      "integrity": "sha1-b6/HFfR2TaWYCtwMlGwCCGP311A="
    },
    "nan": {
      "version": "2.12.1",
      "resolved": "https://registry.npmjs.org/nan/-/nan-2.12.1.tgz",
      "integrity": "sha512-JY7V6lRkStKcKTvHO5NVSQRv+RV+FIL5pvDoLiAtSL9pKlC5x9PKQcZDsq7m4FO4d57mkhC6Z+QhAh3Jdk5JFw=="
    },
    "node-ipc": {
      "version": "9.1.1",
      "resolved": "https://registry.npmjs.org/node-ipc/-/node-ipc-9.1.1.tgz",
      "integrity": "sha512-FAyICv0sIRJxVp3GW5fzgaf9jwwRQxAKDJlmNFUL5hOy+W4X/I5AypyHoq0DXXbo9o/gt79gj++4cMr4jVWE/w==",
      "requires": {
        "event-pubsub": "4.3.0",
        "js-message": "1.0.5",
        "js-queue": "2.0.0"
      }
    },
    "redux": {
      "version": "4.0.1",
      "resolved": "https://registry.npmjs.org/redux/-/redux-4.0.1.tgz",
      "integrity": "sha512-R7bAtSkk7nY6O/OYMVR9RiBI+XghjF9rlbl5806HJbQph0LJVHZrU5oaO4q70eUKiqMRqm4y07KLTlMZ2BlVmg==",
      "requires": {
        "loose-envify": "1.4.0",
        "symbol-observable": "1.2.0"
      }
    },
    "symbol-observable": {
      "version": "1.2.0",
      "resolved": "https://registry.npmjs.org/symbol-observable/-/symbol-observable-1.2.0.tgz",
      "integrity": "sha512-e900nM8RRtGhlV36KGEU9k65K3mPb1WV70OdjfxlG2EAuM1noi/E/BaW/uMhL7bPEssK8QV57vN3esixjUvcXQ=="
    },
    "uuid": {
      "version": "3.3.2",
      "resolved": "https://registry.npmjs.org/uuid/-/uuid-3.3.2.tgz",
      "integrity": "sha512-yXJmeNaw3DnnKAOKJE51sL/ZaYfWJRl1pK9dr19YFCu0ObS231AB1/LbqTKRAQ5kw8A90rA6fr4riOUpTZvQZA=="
    }
  }
}
